
Microsoft Visual Studio Solution File, Format Version 12.00
# Visual Studio Version 16
VisualStudioVersion = 16.0.29123.88
MinimumVisualStudioVersion = 10.0.40219.1
Project("{FAE04EC0-301F-11D3-BF4B-00C04F79EFBC}") = "VS Workspacer", "VS Workspacer\VS Workspacer.csproj", "{BFCA048E-D916-454C-8042-10B580712E88}"
EndProject
Global
	GlobalSection(SolutionConfigurationPlatforms) = preSolution
		Debug|Any CPU = Debug|Any CPU
		Release|Any CPU = Release|Any CPU
	EndGlobalSection
	GlobalSection(ProjectConfigurationPlatforms) = postSolution
		{BFCA048E-D916-454C-8042-10B580712E88}.Debug|Any CPU.ActiveCfg = Debug|Any CPU
		{BFCA048E-D916-454C-8042-10B580712E88}.Debug|Any CPU.Build.0 = Debug|Any CPU
		{BFCA048E-D916-454C-8042-10B580712E88}.Release|Any CPU.ActiveCfg = Release|Any CPU
		{BFCA048E-D916-454C-8042-10B580712E88}.Release|Any CPU.Build.0 = Release|Any CPU
	EndGlobalSection
	GlobalSection(SolutionProperties) = preSolution
		HideSolutionNode = FALSE
	EndGlobalSection
	GlobalSection(ExtensibilityGlobals) = postSolution
		SolutionGuid = {68BEFEBB-CD0C-4D71-BBD8-BFB6CFDF53B8}
	EndGlobalSection
EndGlobal
